Microsoft Visual Studio Solution File, Format Version 8.00
Project("{8BC9CEB8-8B4A-11D0-8D11-00A0C91BC942}") = "flow_control_l2_tb", "flow_control_l2_tb\flow_control_l2_tb.vcproj", "{82D6D66B-A3F3-4638-B62E-D08C9AF336C8}"
	ProjectSection(ProjectDependencies) = postProject
	EndProjectSection
EndProject
Project("{8BC9CEB8-8B4A-11D0-8D11-00A0C91BC942}") = "history_buffer_l3_tb", "history_buffer_l3_tb\history_buffer_l3_tb.vcproj", "{DD030555-8C10-454D-AE90-D2D2568336E8}"
	ProjectSection(ProjectDependencies) = postProject
	EndProjectSection
EndProject
Project("{8BC9CEB8-8B4A-11D0-8D11-00A0C91BC942}") = "user_fifo_l3_tb", "user_fifo_l3_tb\user_fifo_l3_tb.vcproj", "{5734C5DD-AA3F-4AD6-977C-92DC35281F5C}"
	ProjectSection(ProjectDependencies) = postProject
	EndProjectSection
EndProject
Global
	GlobalSection(SolutionConfiguration) = preSolution
		Debug = Debug
		Release = Release
	EndGlobalSection
	GlobalSection(ProjectConfiguration) = postSolution
		{82D6D66B-A3F3-4638-B62E-D08C9AF336C8}.Debug.ActiveCfg = Debug|Win32
		{82D6D66B-A3F3-4638-B62E-D08C9AF336C8}.Debug.Build.0 = Debug|Win32
		{82D6D66B-A3F3-4638-B62E-D08C9AF336C8}.Release.ActiveCfg = Release|Win32
		{82D6D66B-A3F3-4638-B62E-D08C9AF336C8}.Release.Build.0 = Release|Win32
		{DD030555-8C10-454D-AE90-D2D2568336E8}.Debug.ActiveCfg = Debug|Win32
		{DD030555-8C10-454D-AE90-D2D2568336E8}.Debug.Build.0 = Debug|Win32
		{DD030555-8C10-454D-AE90-D2D2568336E8}.Release.ActiveCfg = Release|Win32
		{DD030555-8C10-454D-AE90-D2D2568336E8}.Release.Build.0 = Release|Win32
		{5734C5DD-AA3F-4AD6-977C-92DC35281F5C}.Debug.ActiveCfg = Debug|Win32
		{5734C5DD-AA3F-4AD6-977C-92DC35281F5C}.Debug.Build.0 = Debug|Win32
		{5734C5DD-AA3F-4AD6-977C-92DC35281F5C}.Release.ActiveCfg = Release|Win32
		{5734C5DD-AA3F-4AD6-977C-92DC35281F5C}.Release.Build.0 = Release|Win32
	EndGlobalSection
	GlobalSection(ExtensibilityGlobals) = postSolution
	EndGlobalSection
	GlobalSection(ExtensibilityAddIns) = postSolution
	EndGlobalSection
EndGlobal
