# -------------------------------------------------------------------------- #
#
# Copyright (C) 1991-2010 Altera Corporation
# Your use of Altera Corporation's design tools, logic functions 
# and other software and tools, and its AMPP partner logic 
# functions, and any output files from any of the foregoing 
# (including device programming or simulation files), and any 
# associated documentation or information are expressly subject 
# to the terms and conditions of the Altera Program License 
# Subscription Agreement, Altera MegaCore Function License 
# Agreement, or other applicable license agreement, including, 
# without limitation, that your use is for the sole purpose of 
# programming logic devices manufactured by Altera and sold by 
# Altera or its authorized distributors.  Please refer to the 
# applicable agreement for further details.
#
# -------------------------------------------------------------------------- #
#
# Quartus II 64-Bit
# Version 10.0 Build 218 06/27/2010 SJ Web Edition
# Date created = 20:06:45  October 20, 2010
#
# -------------------------------------------------------------------------- #
#
# Notes:
#
# 1) The default values for assignments are stored in the file:
#		ps2_keyboard_assignment_defaults.qdf
#    If this file doesn't exist, see file:
#		assignment_defaults.qdf
#
# 2) Altera recommends that you do not modify this file. This
#    file is updated automatically by the Quartus II software
#    and any changes you make may be lost or overwritten.
#
# -------------------------------------------------------------------------- #


set_global_assignment -name FAMILY "Cyclone II"
set_global_assignment -name DEVICE EP2C70F896C6
set_global_assignment -name TOP_LEVEL_ENTITY ps2_keyboard
set_global_assignment -name ORIGINAL_QUARTUS_VERSION 10.0
set_global_assignment -name PROJECT_CREATION_TIME_DATE "20:06:45  OCTOBER 20, 2010"
set_global_assignment -name LAST_QUARTUS_VERSION 10.0
set_global_assignment -name VERILOG_FILE ps2_keyboard.v
set_global_assignment -name MIN_CORE_JUNCTION_TEMP 0
set_global_assignment -name MAX_CORE_JUNCTION_TEMP 85
set_global_assignment -name ERROR_CHECK_FREQUENCY_DIVISOR 1
set_global_assignment -name PARTITION_NETLIST_TYPE SOURCE -section_id Top
set_global_assignment -name PARTITION_FITTER_PRESERVATION_LEVEL PLACEMENT_AND_ROUTING -section_id Top
set_global_assignment -name PARTITION_COLOR 16764057 -section_id Top
set_global_assignment -name LL_ROOT_REGION ON -section_id "Root Region"
set_global_assignment -name LL_MEMBER_STATE LOCKED -section_id "Root Region"

set_parameter -name CYCLONEII_SAFE_WRITE "\"VERIFIED_SAFE\"" -to "altsyncram:debug_ram_inst"
set_parameter -name CYCLONEII_SAFE_WRITE "\"VERIFIED_SAFE\"" -to "altsyncram:pressed_code_inst"
set_location_assignment PIN_AC13 -to leds[0]
set_location_assignment PIN_AB13 -to leds[1]
set_location_assignment PIN_AC12 -to leds[2]
set_location_assignment PIN_AB12 -to leds[3]
set_location_assignment PIN_AC11 -to leds[4]
set_location_assignment PIN_AD9 -to leds[5]
set_location_assignment PIN_AD8 -to leds[6]
set_location_assignment PIN_AJ7 -to leds[7]
set_location_assignment PIN_R3 -to clk_50
set_location_assignment PIN_AA23 -to reset_ext_n
set_location_assignment PIN_E24 -to ps2_kbdat
set_location_assignment PIN_F24 -to ps2_kbclk

set_global_assignment -name RESERVE_ALL_UNUSED_PINS "AS INPUT TRI-STATED"
set_global_assignment -name RESERVE_ALL_UNUSED_PINS_NO_OUTPUT_GND "AS INPUT TRI-STATED"
set_instance_assignment -name PARTITION_HIERARCHY root_partition -to | -section_id Top