// !$*UTF8*$!
{
	archiveVersion = 1;
	classes = {
	};
	objectVersion = 46;
	objects = {

/* Begin PBXBuildFile section */
		2B8696361AE1832E0032BB3D /* soap2.cpp in Sources */ = {isa = PBXBuildFile; fileRef = 2B8696351AE1832E0032BB3D /* soap2.cpp */; };
		2B86963C1AE5F0FF0032BB3D /* ibm_codec.cpp in Sources */ = {isa = PBXBuildFile; fileRef = 2B86963A1AE5F0FF0032BB3D /* ibm_codec.cpp */; };
		2BD612A11AD83AB100F3FDF6 /* main.cpp in Sources */ = {isa = PBXBuildFile; fileRef = 2BD612A01AD83AB100F3FDF6 /* main.cpp */; };
/* End PBXBuildFile section */

/* Begin PBXCopyFilesBuildPhase section */
		2BD6129B1AD83AB100F3FDF6 /* CopyFiles */ = {
			isa = PBXCopyFilesBuildPhase;
			buildActionMask = 12;
			dstPath = "";
			dstSubfolderSpec = 16;
			files = (
			);
			runOnlyForDeploymentPostprocessing = 0;
		};
/* End PBXCopyFilesBuildPhase section */

/* Begin PBXFileReference section */
		2B0DFB1F1AF2DF6200690E1F /* recreating_soap2.rtf */ = {isa = PBXFileReference; fileEncoding = 4; lastKnownFileType = text.rtf; path = recreating_soap2.rtf; sourceTree = "<group>"; };
		2B0DFB201AF4F7C400690E1F /* soap2.7wd */ = {isa = PBXFileReference; fileEncoding = 4; lastKnownFileType = text; path = soap2.7wd; sourceTree = "<group>"; };
		2B0DFB211AF4F80400690E1F /* soap2.txt */ = {isa = PBXFileReference; fileEncoding = 4; lastKnownFileType = text; path = soap2.txt; sourceTree = "<group>"; };
		2B8696341AE17C740032BB3D /* soap2.h */ = {isa = PBXFileReference; lastKnownFileType = sourcecode.c.h; path = soap2.h; sourceTree = "<group>"; };
		2B8696351AE1832E0032BB3D /* soap2.cpp */ = {isa = PBXFileReference; fileEncoding = 4; lastKnownFileType = sourcecode.cpp.cpp; path = soap2.cpp; sourceTree = "<group>"; };
		2B86963A1AE5F0FF0032BB3D /* ibm_codec.cpp */ = {isa = PBXFileReference; fileEncoding = 4; lastKnownFileType = sourcecode.cpp.cpp; path = ibm_codec.cpp; sourceTree = "<group>"; };
		2B86963B1AE5F0FF0032BB3D /* ibm_codec.h */ = {isa = PBXFileReference; fileEncoding = 4; lastKnownFileType = sourcecode.c.h; path = ibm_codec.h; sourceTree = "<group>"; };
		2BD6129D1AD83AB100F3FDF6 /* ibm650_soap2 */ = {isa = PBXFileReference; explicitFileType = "compiled.mach-o.executable"; includeInIndex = 0; path = ibm650_soap2; sourceTree = BUILT_PRODUCTS_DIR; };
		2BD612A01AD83AB100F3FDF6 /* main.cpp */ = {isa = PBXFileReference; lastKnownFileType = sourcecode.cpp.cpp; path = main.cpp; sourceTree = "<group>"; };
/* End PBXFileReference section */

/* Begin PBXFrameworksBuildPhase section */
		2BD6129A1AD83AB100F3FDF6 /* Frameworks */ = {
			isa = PBXFrameworksBuildPhase;
			buildActionMask = 2147483647;
			files = (
			);
			runOnlyForDeploymentPostprocessing = 0;
		};
/* End PBXFrameworksBuildPhase section */

/* Begin PBXGroup section */
		2BD612941AD83AB100F3FDF6 = {
			isa = PBXGroup;
			children = (
				2BD6129F1AD83AB100F3FDF6 /* ibm650_soap2 */,
				2BD6129E1AD83AB100F3FDF6 /* Products */,
			);
			sourceTree = "<group>";
		};
		2BD6129E1AD83AB100F3FDF6 /* Products */ = {
			isa = PBXGroup;
			children = (
				2BD6129D1AD83AB100F3FDF6 /* ibm650_soap2 */,
			);
			name = Products;
			sourceTree = "<group>";
		};
		2BD6129F1AD83AB100F3FDF6 /* ibm650_soap2 */ = {
			isa = PBXGroup;
			children = (
				2BD612A01AD83AB100F3FDF6 /* main.cpp */,
				2B8696341AE17C740032BB3D /* soap2.h */,
				2B8696351AE1832E0032BB3D /* soap2.cpp */,
				2B86963A1AE5F0FF0032BB3D /* ibm_codec.cpp */,
				2B86963B1AE5F0FF0032BB3D /* ibm_codec.h */,
				2B0DFB1F1AF2DF6200690E1F /* recreating_soap2.rtf */,
				2B0DFB201AF4F7C400690E1F /* soap2.7wd */,
				2B0DFB211AF4F80400690E1F /* soap2.txt */,
			);
			path = ibm650_soap2;
			sourceTree = "<group>";
		};
/* End PBXGroup section */

/* Begin PBXNativeTarget section */
		2BD6129C1AD83AB100F3FDF6 /* ibm650_soap2 */ = {
			isa = PBXNativeTarget;
			buildConfigurationList = 2BD612A41AD83AB100F3FDF6 /* Build configuration list for PBXNativeTarget "ibm650_soap2" */;
			buildPhases = (
				2BD612991AD83AB100F3FDF6 /* Sources */,
				2BD6129A1AD83AB100F3FDF6 /* Frameworks */,
				2BD6129B1AD83AB100F3FDF6 /* CopyFiles */,
			);
			buildRules = (
			);
			dependencies = (
			);
			name = ibm650_soap2;
			productName = ibm650_soap2;
			productReference = 2BD6129D1AD83AB100F3FDF6 /* ibm650_soap2 */;
			productType = "com.apple.product-type.tool";
		};
/* End PBXNativeTarget section */

/* Begin PBXProject section */
		2BD612951AD83AB100F3FDF6 /* Project object */ = {
			isa = PBXProject;
			attributes = {
				LastUpgradeCheck = 0620;
				ORGANIZATIONNAME = "Robert Abeles";
				TargetAttributes = {
					2BD6129C1AD83AB100F3FDF6 = {
						CreatedOnToolsVersion = 6.2;
					};
				};
			};
			buildConfigurationList = 2BD612981AD83AB100F3FDF6 /* Build configuration list for PBXProject "ibm650_soap2" */;
			compatibilityVersion = "Xcode 3.2";
			developmentRegion = English;
			hasScannedForEncodings = 0;
			knownRegions = (
				en,
			);
			mainGroup = 2BD612941AD83AB100F3FDF6;
			productRefGroup = 2BD6129E1AD83AB100F3FDF6 /* Products */;
			projectDirPath = "";
			projectRoot = "";
			targets = (
				2BD6129C1AD83AB100F3FDF6 /* ibm650_soap2 */,
			);
		};
/* End PBXProject section */

/* Begin PBXSourcesBuildPhase section */
		2BD612991AD83AB100F3FDF6 /* Sources */ = {
			isa = PBXSourcesBuildPhase;
			buildActionMask = 2147483647;
			files = (
				2BD612A11AD83AB100F3FDF6 /* main.cpp in Sources */,
				2B8696361AE1832E0032BB3D /* soap2.cpp in Sources */,
				2B86963C1AE5F0FF0032BB3D /* ibm_codec.cpp in Sources */,
			);
			runOnlyForDeploymentPostprocessing = 0;
		};
/* End PBXSourcesBuildPhase section */

/* Begin XCBuildConfiguration section */
		2BD612A21AD83AB100F3FDF6 /* Debug */ = {
			isa = XCBuildConfiguration;
			buildSettings = {
				ALWAYS_SEARCH_USER_PATHS = NO;
				CLANG_CXX_LANGUAGE_STANDARD = "gnu++0x";
				CLANG_CXX_LIBRARY = "libc++";
				CLANG_ENABLE_MODULES = YES;
				CLANG_ENABLE_OBJC_ARC = YES;
				CLANG_WARN_BOOL_CONVERSION = YES;
				CLANG_WARN_CONSTANT_CONVERSION = YES;
				CLANG_WARN_DIRECT_OBJC_ISA_USAGE = YES_ERROR;
				CLANG_WARN_EMPTY_BODY = YES;
				CLANG_WARN_ENUM_CONVERSION = YES;
				CLANG_WARN_INT_CONVERSION = YES;
				CLANG_WARN_OBJC_ROOT_CLASS = YES_ERROR;
				CLANG_WARN_UNREACHABLE_CODE = YES;
				CLANG_WARN__DUPLICATE_METHOD_MATCH = YES;
				COPY_PHASE_STRIP = NO;
				ENABLE_STRICT_OBJC_MSGSEND = YES;
				GCC_C_LANGUAGE_STANDARD = gnu99;
				GCC_DYNAMIC_NO_PIC = NO;
				GCC_OPTIMIZATION_LEVEL = 0;
				GCC_PREPROCESSOR_DEFINITIONS = (
					"DEBUG=1",
					"$(inherited)",
				);
				GCC_SYMBOLS_PRIVATE_EXTERN = NO;
				GCC_WARN_64_TO_32_BIT_CONVERSION = YES;
				GCC_WARN_ABOUT_RETURN_TYPE = YES_ERROR;
				GCC_WARN_UNDECLARED_SELECTOR = YES;
				GCC_WARN_UNINITIALIZED_AUTOS = YES_AGGRESSIVE;
				GCC_WARN_UNUSED_FUNCTION = YES;
				GCC_WARN_UNUSED_VARIABLE = YES;
				MACOSX_DEPLOYMENT_TARGET = 10.10;
				MTL_ENABLE_DEBUG_INFO = YES;
				ONLY_ACTIVE_ARCH = YES;
				SDKROOT = macosx;
			};
			name = Debug;
		};
		2BD612A31AD83AB100F3FDF6 /* Release */ = {
			isa = XCBuildConfiguration;
			buildSettings = {
				ALWAYS_SEARCH_USER_PATHS = NO;
				CLANG_CXX_LANGUAGE_STANDARD = "gnu++0x";
				CLANG_CXX_LIBRARY = "libc++";
				CLANG_ENABLE_MODULES = YES;
				CLANG_ENABLE_OBJC_ARC = YES;
				CLANG_WARN_BOOL_CONVERSION = YES;
				CLANG_WARN_CONSTANT_CONVERSION = YES;
				CLANG_WARN_DIRECT_OBJC_ISA_USAGE = YES_ERROR;
				CLANG_WARN_EMPTY_BODY = YES;
				CLANG_WARN_ENUM_CONVERSION = YES;
				CLANG_WARN_INT_CONVERSION = YES;
				CLANG_WARN_OBJC_ROOT_CLASS = YES_ERROR;
				CLANG_WARN_UNREACHABLE_CODE = YES;
				CLANG_WARN__DUPLICATE_METHOD_MATCH = YES;
				COPY_PHASE_STRIP = NO;
				DEBUG_INFORMATION_FORMAT = "dwarf-with-dsym";
				ENABLE_NS_ASSERTIONS = NO;
				ENABLE_STRICT_OBJC_MSGSEND = YES;
				GCC_C_LANGUAGE_STANDARD = gnu99;
				GCC_WARN_64_TO_32_BIT_CONVERSION = YES;
				GCC_WARN_ABOUT_RETURN_TYPE = YES_ERROR;
				GCC_WARN_UNDECLARED_SELECTOR = YES;
				GCC_WARN_UNINITIALIZED_AUTOS = YES_AGGRESSIVE;
				GCC_WARN_UNUSED_FUNCTION = YES;
				GCC_WARN_UNUSED_VARIABLE = YES;
				MACOSX_DEPLOYMENT_TARGET = 10.10;
				MTL_ENABLE_DEBUG_INFO = NO;
				SDKROOT = macosx;
			};
			name = Release;
		};
		2BD612A51AD83AB100F3FDF6 /* Debug */ = {
			isa = XCBuildConfiguration;
			buildSettings = {
				PRODUCT_NAME = "$(TARGET_NAME)";
			};
			name = Debug;
		};
		2BD612A61AD83AB100F3FDF6 /* Release */ = {
			isa = XCBuildConfiguration;
			buildSettings = {
				PRODUCT_NAME = "$(TARGET_NAME)";
			};
			name = Release;
		};
/* End XCBuildConfiguration section */

/* Begin XCConfigurationList section */
		2BD612981AD83AB100F3FDF6 /* Build configuration list for PBXProject "ibm650_soap2" */ = {
			isa = XCConfigurationList;
			buildConfigurations = (
				2BD612A21AD83AB100F3FDF6 /* Debug */,
				2BD612A31AD83AB100F3FDF6 /* Release */,
			);
			defaultConfigurationIsVisible = 0;
			defaultConfigurationName = Release;
		};
		2BD612A41AD83AB100F3FDF6 /* Build configuration list for PBXNativeTarget "ibm650_soap2" */ = {
			isa = XCConfigurationList;
			buildConfigurations = (
				2BD612A51AD83AB100F3FDF6 /* Debug */,
				2BD612A61AD83AB100F3FDF6 /* Release */,
			);
			defaultConfigurationIsVisible = 0;
			defaultConfigurationName = Release;
		};
/* End XCConfigurationList section */
	};
	rootObject = 2BD612951AD83AB100F3FDF6 /* Project object */;
}
